
Microsoft Visual Studio Solution File, Format Version 12.00
# Visual Studio Version 17
VisualStudioVersion = 17.3.32929.385
MinimumVisualStudioVersion = 10.0.40219.1
Project("{9A19103F-16F7-4668-BE54-9A1E7A4F7556}") = "01. Barista Contest", "01. Barista Contest\01. Barista Contest.csproj", "{B38219D9-F17F-4893-9BFA-D7C5245A9463}"
EndProject
Project("{9A19103F-16F7-4668-BE54-9A1E7A4F7556}") = "03.Basketball", "03.Basketball\03.Basketball.csproj", "{6F9C2CA5-962E-4709-8968-41CA36FBD473}"
EndProject
Project("{FAE04EC0-301F-11D3-BF4B-00C04F79EFBC}") = "02.HelpAMole", "02.HelpAMole\02.HelpAMole.csproj", "{C7E0396C-CD8B-4FAC-B26C-C290CB6EE32C}"
EndProject
Global
	GlobalSection(SolutionConfigurationPlatforms) = preSolution
		Debug|Any CPU = Debug|Any CPU
		Release|Any CPU = Release|Any CPU
	EndGlobalSection
	GlobalSection(ProjectConfigurationPlatforms) = postSolution
		{B38219D9-F17F-4893-9BFA-D7C5245A9463}.Debug|Any CPU.ActiveCfg = Debug|Any CPU
		{B38219D9-F17F-4893-9BFA-D7C5245A9463}.Debug|Any CPU.Build.0 = Debug|Any CPU
		{B38219D9-F17F-4893-9BFA-D7C5245A9463}.Release|Any CPU.ActiveCfg = Release|Any CPU
		{B38219D9-F17F-4893-9BFA-D7C5245A9463}.Release|Any CPU.Build.0 = Release|Any CPU
		{6F9C2CA5-962E-4709-8968-41CA36FBD473}.Debug|Any CPU.ActiveCfg = Debug|Any CPU
		{6F9C2CA5-962E-4709-8968-41CA36FBD473}.Debug|Any CPU.Build.0 = Debug|Any CPU
		{6F9C2CA5-962E-4709-8968-41CA36FBD473}.Release|Any CPU.ActiveCfg = Release|Any CPU
		{6F9C2CA5-962E-4709-8968-41CA36FBD473}.Release|Any CPU.Build.0 = Release|Any CPU
		{C7E0396C-CD8B-4FAC-B26C-C290CB6EE32C}.Debug|Any CPU.ActiveCfg = Debug|Any CPU
		{C7E0396C-CD8B-4FAC-B26C-C290CB6EE32C}.Debug|Any CPU.Build.0 = Debug|Any CPU
		{C7E0396C-CD8B-4FAC-B26C-C290CB6EE32C}.Release|Any CPU.ActiveCfg = Release|Any CPU
		{C7E0396C-CD8B-4FAC-B26C-C290CB6EE32C}.Release|Any CPU.Build.0 = Release|Any CPU
	EndGlobalSection
	GlobalSection(SolutionProperties) = preSolution
		HideSolutionNode = FALSE
	EndGlobalSection
	GlobalSection(ExtensibilityGlobals) = postSolution
		SolutionGuid = {C6EE1087-1128-4FF5-BCCF-6F6ED69A2CF3}
	EndGlobalSection
EndGlobal
